
Microsoft Visual Studio Solution File, Format Version 12.00
# Visual Studio 15
VisualStudioVersion = 15.0.28307.1169
MinimumVisualStudioVersion = 10.0.40219.1
Project("{FAE04EC0-301F-11D3-BF4B-00C04F79EFBC}") = "TredaCRUDEntity", "TredaCRUDEntity\TredaCRUDEntity.csproj", "{D1CBDDEC-5298-41F5-A9CF-62F07E97103B}"
EndProject
Global
	GlobalSection(SolutionConfigurationPlatforms) = preSolution
		Debug|Any CPU = Debug|Any CPU
		Release|Any CPU = Release|Any CPU
	EndGlobalSection
	GlobalSection(ProjectConfigurationPlatforms) = postSolution
		{D1CBDDEC-5298-41F5-A9CF-62F07E97103B}.Debug|Any CPU.ActiveCfg = Debug|Any CPU
		{D1CBDDEC-5298-41F5-A9CF-62F07E97103B}.Debug|Any CPU.Build.0 = Debug|Any CPU
		{D1CBDDEC-5298-41F5-A9CF-62F07E97103B}.Release|Any CPU.ActiveCfg = Release|Any CPU
		{D1CBDDEC-5298-41F5-A9CF-62F07E97103B}.Release|Any CPU.Build.0 = Release|Any CPU
	EndGlobalSection
	GlobalSection(SolutionProperties) = preSolution
		HideSolutionNode = FALSE
	EndGlobalSection
	GlobalSection(ExtensibilityGlobals) = postSolution
		SolutionGuid = {EA61B76A-0C32-4D59-B13B-07A23C79DC38}
	EndGlobalSection
EndGlobal
