
Microsoft Visual Studio Solution File, Format Version 12.00
# Visual Studio 15
VisualStudioVersion = 15.0.28307.1169
MinimumVisualStudioVersion = 10.0.40219.1
Project("{FAE04EC0-301F-11D3-BF4B-00C04F79EFBC}") = "TredaRestApi", "TredaRestApi\TredaRestApi.csproj", "{804F8F1F-B8ED-4B5A-B70A-23E0BB7E9A4D}"
EndProject
Global
	GlobalSection(SolutionConfigurationPlatforms) = preSolution
		Debug|Any CPU = Debug|Any CPU
		Release|Any CPU = Release|Any CPU
	EndGlobalSection
	GlobalSection(ProjectConfigurationPlatforms) = postSolution
		{804F8F1F-B8ED-4B5A-B70A-23E0BB7E9A4D}.Debug|Any CPU.ActiveCfg = Debug|Any CPU
		{804F8F1F-B8ED-4B5A-B70A-23E0BB7E9A4D}.Debug|Any CPU.Build.0 = Debug|Any CPU
		{804F8F1F-B8ED-4B5A-B70A-23E0BB7E9A4D}.Release|Any CPU.ActiveCfg = Release|Any CPU
		{804F8F1F-B8ED-4B5A-B70A-23E0BB7E9A4D}.Release|Any CPU.Build.0 = Release|Any CPU
	EndGlobalSection
	GlobalSection(SolutionProperties) = preSolution
		HideSolutionNode = FALSE
	EndGlobalSection
	GlobalSection(ExtensibilityGlobals) = postSolution
		SolutionGuid = {E25209E1-1D2D-4716-91E2-E6F516FA5A01}
	EndGlobalSection
EndGlobal
